
Microsoft Visual Studio Solution File, Format Version 12.00
# Visual Studio Version 17
VisualStudioVersion = 17.9.34728.123
MinimumVisualStudioVersion = 10.0.40219.1
Project("{FAE04EC0-301F-11D3-BF4B-00C04F79EFBC}") = "hipster-theme", "hipster-theme.csproj", "{D363C7F4-982F-430C-93FA-0516D5385158}"
EndProject
Global
	GlobalSection(SolutionConfigurationPlatforms) = preSolution
		Debug|Any CPU = Debug|Any CPU
		Debug|arm64 = Debug|arm64
		Debug|x86 = Debug|x86
		Release|Any CPU = Release|Any CPU
		Release|arm64 = Release|arm64
		Release|x86 = Release|x86
	EndGlobalSection
	GlobalSection(ProjectConfigurationPlatforms) = postSolution
		{D363C7F4-982F-430C-93FA-0516D5385158}.Debug|Any CPU.ActiveCfg = Debug|Any CPU
		{D363C7F4-982F-430C-93FA-0516D5385158}.Debug|Any CPU.Build.0 = Debug|Any CPU
		{D363C7F4-982F-430C-93FA-0516D5385158}.Debug|arm64.ActiveCfg = Debug|arm64
		{D363C7F4-982F-430C-93FA-0516D5385158}.Debug|arm64.Build.0 = Debug|arm64
		{D363C7F4-982F-430C-93FA-0516D5385158}.Debug|x86.ActiveCfg = Debug|x86
		{D363C7F4-982F-430C-93FA-0516D5385158}.Debug|x86.Build.0 = Debug|x86
		{D363C7F4-982F-430C-93FA-0516D5385158}.Release|Any CPU.ActiveCfg = Release|Any CPU
		{D363C7F4-982F-430C-93FA-0516D5385158}.Release|Any CPU.Build.0 = Release|Any CPU
		{D363C7F4-982F-430C-93FA-0516D5385158}.Release|arm64.ActiveCfg = Release|arm64
		{D363C7F4-982F-430C-93FA-0516D5385158}.Release|arm64.Build.0 = Release|arm64
		{D363C7F4-982F-430C-93FA-0516D5385158}.Release|x86.ActiveCfg = Release|x86
		{D363C7F4-982F-430C-93FA-0516D5385158}.Release|x86.Build.0 = Release|x86
	EndGlobalSection
	GlobalSection(SolutionProperties) = preSolution
		HideSolutionNode = FALSE
	EndGlobalSection
	GlobalSection(ExtensibilityGlobals) = postSolution
		SolutionGuid = {1111ECC7-4073-421E-A0C9-97F572086C54}
	EndGlobalSection
EndGlobal
